// !$*UTF8*$!
{
	archiveVersion = 1;
	classes = {
	};
	objectVersion = 56;
	objects = {

/* Begin PBXBuildFile section */
		E002018E2A1A2D6E005B4059 /* AppDelegate.swift in Sources */ = {isa = PBXBuildFile; fileRef = E002018D2A1A2D6E005B4059 /* AppDelegate.swift */; };
		E00201902A1A2D6E005B4059 /* SceneDelegate.swift in Sources */ = {isa = PBXBuildFile; fileRef = E002018F2A1A2D6E005B4059 /* SceneDelegate.swift */; };
		E00201922A1A2D6E005B4059 /* HomeViewController.swift in Sources */ = {isa = PBXBuildFile; fileRef = E00201912A1A2D6E005B4059 /* HomeViewController.swift */; };
		E00201952A1A2D6E005B4059 /* Main.storyboard in Resources */ = {isa = PBXBuildFile; fileRef = E00201932A1A2D6E005B4059 /* Main.storyboard */; };
		E00201972A1A2D6F005B4059 /* Assets.xcassets in Resources */ = {isa = PBXBuildFile; fileRef = E00201962A1A2D6F005B4059 /* Assets.xcassets */; };
		E002019A2A1A2D6F005B4059 /* LaunchScreen.storyboard in Resources */ = {isa = PBXBuildFile; fileRef = E00201982A1A2D6F005B4059 /* LaunchScreen.storyboard */; };
		E00201A52A1A2D6F005B4059 /* mmakoWeatherAppTests.swift in Sources */ = {isa = PBXBuildFile; fileRef = E00201A42A1A2D6F005B4059 /* mmakoWeatherAppTests.swift */; };
		E00201AF2A1A2D6F005B4059 /* MmakoWeatherAppUITests.swift in Sources */ = {isa = PBXBuildFile; fileRef = E00201AE2A1A2D6F005B4059 /* MmakoWeatherAppUITests.swift */; };
		E00201B12A1A2D6F005B4059 /* mmakoWeatherAppUITestsLaunchTests.swift in Sources */ = {isa = PBXBuildFile; fileRef = E00201B02A1A2D6F005B4059 /* mmakoWeatherAppUITestsLaunchTests.swift */; };
		E00201C02A1A3195005B4059 /* FutureCastTableViewCell.swift in Sources */ = {isa = PBXBuildFile; fileRef = E00201BE2A1A3195005B4059 /* FutureCastTableViewCell.swift */; };
		E00201C12A1A3195005B4059 /* FutureCastTableViewCell.xib in Resources */ = {isa = PBXBuildFile; fileRef = E00201BF2A1A3195005B4059 /* FutureCastTableViewCell.xib */; };
		E0089A912A6DE63F004C12D2 /* AppUITestNavigationHelper.swift in Sources */ = {isa = PBXBuildFile; fileRef = E0089A902A6DE63F004C12D2 /* AppUITestNavigationHelper.swift */; };
		E0089A932A6DE838004C12D2 /* NavigationHelper.swift in Sources */ = {isa = PBXBuildFile; fileRef = E0089A922A6DE838004C12D2 /* NavigationHelper.swift */; };
		E070F7AD2A1A84790033CDB8 /* WeatherModel.swift in Sources */ = {isa = PBXBuildFile; fileRef = E070F7AC2A1A84790033CDB8 /* WeatherModel.swift */; };
		E070F7B02A1A85380033CDB8 /* WatherDataSource.swift in Sources */ = {isa = PBXBuildFile; fileRef = E070F7AF2A1A85380033CDB8 /* WatherDataSource.swift */; };
		E070F7B22A1A9D7C0033CDB8 /* Configuration.swift in Sources */ = {isa = PBXBuildFile; fileRef = E070F7B12A1A9D7C0033CDB8 /* Configuration.swift */; };
		E070F7CA2A1D68750033CDB8 /* HomeTempViewModelTests.swift in Sources */ = {isa = PBXBuildFile; fileRef = E070F7C92A1D68750033CDB8 /* HomeTempViewModelTests.swift */; };
		E09FAA1A2A1A39C70062EC4B /* MainTempTableViewCell.swift in Sources */ = {isa = PBXBuildFile; fileRef = E09FAA182A1A39C70062EC4B /* MainTempTableViewCell.swift */; };
		E09FAA1B2A1A39C70062EC4B /* MainTempTableViewCell.xib in Resources */ = {isa = PBXBuildFile; fileRef = E09FAA192A1A39C70062EC4B /* MainTempTableViewCell.xib */; };
		E0A6E9502A72AA4E0036F835 /* UITestVerificationInterface.swift in Sources */ = {isa = PBXBuildFile; fileRef = E0A6E94F2A72AA4E0036F835 /* UITestVerificationInterface.swift */; };
		E0A6E9522A72AA7C0036F835 /* UITestVerificationImplementation.swift in Sources */ = {isa = PBXBuildFile; fileRef = E0A6E9512A72AA7B0036F835 /* UITestVerificationImplementation.swift */; };
		E0A6E9542A72AB350036F835 /* UITestConstants.swift in Sources */ = {isa = PBXBuildFile; fileRef = E0A6E9532A72AB350036F835 /* UITestConstants.swift */; };
		E0A6E9572A72E7A00036F835 /* forecastWeather.json in Resources */ = {isa = PBXBuildFile; fileRef = E0A6E9552A72E7A00036F835 /* forecastWeather.json */; };
		E0A6E9582A72E7A00036F835 /* currentWeather.json in Resources */ = {isa = PBXBuildFile; fileRef = E0A6E9562A72E7A00036F835 /* currentWeather.json */; };
		E0A6E95C2A73092A0036F835 /* TerminateHelper.swift in Sources */ = {isa = PBXBuildFile; fileRef = E0A6E95B2A73092A0036F835 /* TerminateHelper.swift */; };
		E0A6E95E2A730CE50036F835 /* ExtendedWeatherAppUITests.swift in Sources */ = {isa = PBXBuildFile; fileRef = E0A6E95D2A730CE50036F835 /* ExtendedWeatherAppUITests.swift */; };
		E0CD316E2A1A77CB007FB806 /* CurrentTempTableViewCell.swift in Sources */ = {isa = PBXBuildFile; fileRef = E0CD316C2A1A77CB007FB806 /* CurrentTempTableViewCell.swift */; };
		E0CD316F2A1A77CB007FB806 /* CurrentTempTableViewCell.xib in Resources */ = {isa = PBXBuildFile; fileRef = E0CD316D2A1A77CB007FB806 /* CurrentTempTableViewCell.xib */; };
		E0F42ECF2A1A3C8500E68FB1 /* HomeTableViewController.swift in Sources */ = {isa = PBXBuildFile; fileRef = E0F42ECD2A1A3C8500E68FB1 /* HomeTableViewController.swift */; };
		E0F42ED02A1A3C8500E68FB1 /* HomeTableViewController.xib in Resources */ = {isa = PBXBuildFile; fileRef = E0F42ECE2A1A3C8500E68FB1 /* HomeTableViewController.xib */; };
		E0F42ED32A1A449400E68FB1 /* HomeTempViewModel.swift in Sources */ = {isa = PBXBuildFile; fileRef = E0F42ED22A1A449400E68FB1 /* HomeTempViewModel.swift */; };
/* End PBXBuildFile section */

/* Begin PBXContainerItemProxy section */
		E00201A12A1A2D6F005B4059 /* PBXContainerItemProxy */ = {
			isa = PBXContainerItemProxy;
			containerPortal = E00201822A1A2D6E005B4059 /* Project object */;
			proxyType = 1;
			remoteGlobalIDString = E00201892A1A2D6E005B4059;
			remoteInfo = mmakoWeatherApp;
		};
		E00201AB2A1A2D6F005B4059 /* PBXContainerItemProxy */ = {
			isa = PBXContainerItemProxy;
			containerPortal = E00201822A1A2D6E005B4059 /* Project object */;
			proxyType = 1;
			remoteGlobalIDString = E00201892A1A2D6E005B4059;
			remoteInfo = mmakoWeatherApp;
		};
/* End PBXContainerItemProxy section */

/* Begin PBXFileReference section */
		E002018A2A1A2D6E005B4059 /* mmakoWeatherApp.app */ = {isa = PBXFileReference; explicitFileType = wrapper.application; includeInIndex = 0; path = mmakoWeatherApp.app; sourceTree = BUILT_PRODUCTS_DIR; };
		E002018D2A1A2D6E005B4059 /* AppDelegate.swift */ = {isa = PBXFileReference; lastKnownFileType = sourcecode.swift; path = AppDelegate.swift; sourceTree = "<group>"; };
		E002018F2A1A2D6E005B4059 /* SceneDelegate.swift */ = {isa = PBXFileReference; lastKnownFileType = sourcecode.swift; path = SceneDelegate.swift; sourceTree = "<group>"; };
		E00201912A1A2D6E005B4059 /* HomeViewController.swift */ = {isa = PBXFileReference; lastKnownFileType = sourcecode.swift; path = HomeViewController.swift; sourceTree = "<group>"; };
		E00201942A1A2D6E005B4059 /* Base */ = {isa = PBXFileReference; lastKnownFileType = file.storyboard; name = Base; path = Base.lproj/Main.storyboard; sourceTree = "<group>"; };
		E00201962A1A2D6F005B4059 /* Assets.xcassets */ = {isa = PBXFileReference; lastKnownFileType = folder.assetcatalog; path = Assets.xcassets; sourceTree = "<group>"; };
		E00201992A1A2D6F005B4059 /* Base */ = {isa = PBXFileReference; lastKnownFileType = file.storyboard; name = Base; path = Base.lproj/LaunchScreen.storyboard; sourceTree = "<group>"; };
		E002019B2A1A2D6F005B4059 /* Info.plist */ = {isa = PBXFileReference; lastKnownFileType = text.plist.xml; path = Info.plist; sourceTree = "<group>"; };
		E00201A02A1A2D6F005B4059 /* mmakoWeatherAppTests.xctest */ = {isa = PBXFileReference; explicitFileType = wrapper.cfbundle; includeInIndex = 0; path = mmakoWeatherAppTests.xctest; sourceTree = BUILT_PRODUCTS_DIR; };
		E00201A42A1A2D6F005B4059 /* mmakoWeatherAppTests.swift */ = {isa = PBXFileReference; lastKnownFileType = sourcecode.swift; path = mmakoWeatherAppTests.swift; sourceTree = "<group>"; };
		E00201AA2A1A2D6F005B4059 /* mmakoWeatherAppUITests.xctest */ = {isa = PBXFileReference; explicitFileType = wrapper.cfbundle; includeInIndex = 0; path = mmakoWeatherAppUITests.xctest; sourceTree = BUILT_PRODUCTS_DIR; };
		E00201AE2A1A2D6F005B4059 /* MmakoWeatherAppUITests.swift */ = {isa = PBXFileReference; lastKnownFileType = sourcecode.swift; path = MmakoWeatherAppUITests.swift; sourceTree = "<group>"; };
		E00201B02A1A2D6F005B4059 /* mmakoWeatherAppUITestsLaunchTests.swift */ = {isa = PBXFileReference; lastKnownFileType = sourcecode.swift; path = mmakoWeatherAppUITestsLaunchTests.swift; sourceTree = "<group>"; };
		E00201BE2A1A3195005B4059 /* FutureCastTableViewCell.swift */ = {isa = PBXFileReference; lastKnownFileType = sourcecode.swift; path = FutureCastTableViewCell.swift; sourceTree = "<group>"; };
		E00201BF2A1A3195005B4059 /* FutureCastTableViewCell.xib */ = {isa = PBXFileReference; lastKnownFileType = file.xib; path = FutureCastTableViewCell.xib; sourceTree = "<group>"; };
		E0089A902A6DE63F004C12D2 /* AppUITestNavigationHelper.swift */ = {isa = PBXFileReference; lastKnownFileType = sourcecode.swift; path = AppUITestNavigationHelper.swift; sourceTree = "<group>"; };
		E0089A922A6DE838004C12D2 /* NavigationHelper.swift */ = {isa = PBXFileReference; lastKnownFileType = sourcecode.swift; path = NavigationHelper.swift; sourceTree = "<group>"; };
		E070F7AC2A1A84790033CDB8 /* WeatherModel.swift */ = {isa = PBXFileReference; lastKnownFileType = sourcecode.swift; path = WeatherModel.swift; sourceTree = "<group>"; };
		E070F7AF2A1A85380033CDB8 /* WatherDataSource.swift */ = {isa = PBXFileReference; lastKnownFileType = sourcecode.swift; path = WatherDataSource.swift; sourceTree = "<group>"; };
		E070F7B12A1A9D7C0033CDB8 /* Configuration.swift */ = {isa = PBXFileReference; lastKnownFileType = sourcecode.swift; path = Configuration.swift; sourceTree = "<group>"; };
		E070F7C92A1D68750033CDB8 /* HomeTempViewModelTests.swift */ = {isa = PBXFileReference; lastKnownFileType = sourcecode.swift; path = HomeTempViewModelTests.swift; sourceTree = "<group>"; };
		E09FAA182A1A39C70062EC4B /* MainTempTableViewCell.swift */ = {isa = PBXFileReference; lastKnownFileType = sourcecode.swift; path = MainTempTableViewCell.swift; sourceTree = "<group>"; };
		E09FAA192A1A39C70062EC4B /* MainTempTableViewCell.xib */ = {isa = PBXFileReference; lastKnownFileType = file.xib; path = MainTempTableViewCell.xib; sourceTree = "<group>"; };
		E0A6E94F2A72AA4E0036F835 /* UITestVerificationInterface.swift */ = {isa = PBXFileReference; lastKnownFileType = sourcecode.swift; path = UITestVerificationInterface.swift; sourceTree = "<group>"; };
		E0A6E9512A72AA7B0036F835 /* UITestVerificationImplementation.swift */ = {isa = PBXFileReference; lastKnownFileType = sourcecode.swift; path = UITestVerificationImplementation.swift; sourceTree = "<group>"; };
		E0A6E9532A72AB350036F835 /* UITestConstants.swift */ = {isa = PBXFileReference; lastKnownFileType = sourcecode.swift; path = UITestConstants.swift; sourceTree = "<group>"; };
		E0A6E9552A72E7A00036F835 /* forecastWeather.json */ = {isa = PBXFileReference; fileEncoding = 4; lastKnownFileType = text.json; path = forecastWeather.json; sourceTree = "<group>"; };
		E0A6E9562A72E7A00036F835 /* currentWeather.json */ = {isa = PBXFileReference; fileEncoding = 4; lastKnownFileType = text.json; path = currentWeather.json; sourceTree = "<group>"; };
		E0A6E95B2A73092A0036F835 /* TerminateHelper.swift */ = {isa = PBXFileReference; lastKnownFileType = sourcecode.swift; path = TerminateHelper.swift; sourceTree = "<group>"; };
		E0A6E95D2A730CE50036F835 /* ExtendedWeatherAppUITests.swift */ = {isa = PBXFileReference; lastKnownFileType = sourcecode.swift; path = ExtendedWeatherAppUITests.swift; sourceTree = "<group>"; };
		E0CD316C2A1A77CB007FB806 /* CurrentTempTableViewCell.swift */ = {isa = PBXFileReference; lastKnownFileType = sourcecode.swift; path = CurrentTempTableViewCell.swift; sourceTree = "<group>"; };
		E0CD316D2A1A77CB007FB806 /* CurrentTempTableViewCell.xib */ = {isa = PBXFileReference; lastKnownFileType = file.xib; path = CurrentTempTableViewCell.xib; sourceTree = "<group>"; };
		E0F42ECD2A1A3C8500E68FB1 /* HomeTableViewController.swift */ = {isa = PBXFileReference; lastKnownFileType = sourcecode.swift; path = HomeTableViewController.swift; sourceTree = "<group>"; };
		E0F42ECE2A1A3C8500E68FB1 /* HomeTableViewController.xib */ = {isa = PBXFileReference; lastKnownFileType = file.xib; path = HomeTableViewController.xib; sourceTree = "<group>"; };
		E0F42ED22A1A449400E68FB1 /* HomeTempViewModel.swift */ = {isa = PBXFileReference; lastKnownFileType = sourcecode.swift; path = HomeTempViewModel.swift; sourceTree = "<group>"; };
/* End PBXFileReference section */

/* Begin PBXFrameworksBuildPhase section */
		E00201872A1A2D6E005B4059 /* Frameworks */ = {
			isa = PBXFrameworksBuildPhase;
			buildActionMask = 2147483647;
			files = (
			);
			runOnlyForDeploymentPostprocessing = 0;
		};
		E002019D2A1A2D6F005B4059 /* Frameworks */ = {
			isa = PBXFrameworksBuildPhase;
			buildActionMask = 2147483647;
			files = (
			);
			runOnlyForDeploymentPostprocessing = 0;
		};
		E00201A72A1A2D6F005B4059 /* Frameworks */ = {
			isa = PBXFrameworksBuildPhase;
			buildActionMask = 2147483647;
			files = (
			);
			runOnlyForDeploymentPostprocessing = 0;
		};
/* End PBXFrameworksBuildPhase section */

/* Begin PBXGroup section */
		E00201812A1A2D6E005B4059 = {
			isa = PBXGroup;
			children = (
				E002018C2A1A2D6E005B4059 /* mmakoWeatherApp */,
				E00201A32A1A2D6F005B4059 /* mmakoWeatherAppTests */,
				E00201AD2A1A2D6F005B4059 /* mmakoWeatherAppUITests */,
				E002018B2A1A2D6E005B4059 /* Products */,
			);
			sourceTree = "<group>";
		};
		E002018B2A1A2D6E005B4059 /* Products */ = {
			isa = PBXGroup;
			children = (
				E002018A2A1A2D6E005B4059 /* mmakoWeatherApp.app */,
				E00201A02A1A2D6F005B4059 /* mmakoWeatherAppTests.xctest */,
				E00201AA2A1A2D6F005B4059 /* mmakoWeatherAppUITests.xctest */,
			);
			name = Products;
			sourceTree = "<group>";
		};
		E002018C2A1A2D6E005B4059 /* mmakoWeatherApp */ = {
			isa = PBXGroup;
			children = (
				E070F7AE2A1A85080033CDB8 /* DataSource */,
				E070F7AB2A1A84630033CDB8 /* WeatherModels */,
				E0F42ED12A1A447800E68FB1 /* ViewModel */,
				E0F42ECC2A1A3C0B00E68FB1 /* Views */,
				E00201BD2A1A312F005B4059 /* Cells */,
				E002018D2A1A2D6E005B4059 /* AppDelegate.swift */,
				E002018F2A1A2D6E005B4059 /* SceneDelegate.swift */,
				E00201932A1A2D6E005B4059 /* Main.storyboard */,
				E00201962A1A2D6F005B4059 /* Assets.xcassets */,
				E00201982A1A2D6F005B4059 /* LaunchScreen.storyboard */,
				E002019B2A1A2D6F005B4059 /* Info.plist */,
				E070F7B12A1A9D7C0033CDB8 /* Configuration.swift */,
			);
			path = mmakoWeatherApp;
			sourceTree = "<group>";
		};
		E00201A32A1A2D6F005B4059 /* mmakoWeatherAppTests */ = {
			isa = PBXGroup;
			children = (
				E00201A42A1A2D6F005B4059 /* mmakoWeatherAppTests.swift */,
				E070F7C92A1D68750033CDB8 /* HomeTempViewModelTests.swift */,
			);
			path = mmakoWeatherAppTests;
			sourceTree = "<group>";
		};
		E00201AD2A1A2D6F005B4059 /* mmakoWeatherAppUITests */ = {
			isa = PBXGroup;
			children = (
				E0A6E95A2A7307D10036F835 /* UITestsHelpers */,
				E0A6E9592A7307C70036F835 /* UITests */,
				E00201B02A1A2D6F005B4059 /* mmakoWeatherAppUITestsLaunchTests.swift */,
			);
			path = mmakoWeatherAppUITests;
			sourceTree = "<group>";
		};
		E00201BD2A1A312F005B4059 /* Cells */ = {
			isa = PBXGroup;
			children = (
				E00201BE2A1A3195005B4059 /* FutureCastTableViewCell.swift */,
				E00201BF2A1A3195005B4059 /* FutureCastTableViewCell.xib */,
				E09FAA182A1A39C70062EC4B /* MainTempTableViewCell.swift */,
				E09FAA192A1A39C70062EC4B /* MainTempTableViewCell.xib */,
				E0CD316C2A1A77CB007FB806 /* CurrentTempTableViewCell.swift */,
				E0CD316D2A1A77CB007FB806 /* CurrentTempTableViewCell.xib */,
			);
			path = Cells;
			sourceTree = "<group>";
		};
		E070F7AB2A1A84630033CDB8 /* WeatherModels */ = {
			isa = PBXGroup;
			children = (
				E070F7AC2A1A84790033CDB8 /* WeatherModel.swift */,
			);
			path = WeatherModels;
			sourceTree = "<group>";
		};
		E070F7AE2A1A85080033CDB8 /* DataSource */ = {
			isa = PBXGroup;
			children = (
				E0A6E9562A72E7A00036F835 /* currentWeather.json */,
				E0A6E9552A72E7A00036F835 /* forecastWeather.json */,
				E070F7AF2A1A85380033CDB8 /* WatherDataSource.swift */,
			);
			path = DataSource;
			sourceTree = "<group>";
		};
		E0A6E9592A7307C70036F835 /* UITests */ = {
			isa = PBXGroup;
			children = (
				E00201AE2A1A2D6F005B4059 /* MmakoWeatherAppUITests.swift */,
				E0A6E95D2A730CE50036F835 /* ExtendedWeatherAppUITests.swift */,
			);
			path = UITests;
			sourceTree = "<group>";
		};
		E0A6E95A2A7307D10036F835 /* UITestsHelpers */ = {
			isa = PBXGroup;
			children = (
				E0089A902A6DE63F004C12D2 /* AppUITestNavigationHelper.swift */,
				E0089A922A6DE838004C12D2 /* NavigationHelper.swift */,
				E0A6E94F2A72AA4E0036F835 /* UITestVerificationInterface.swift */,
				E0A6E9512A72AA7B0036F835 /* UITestVerificationImplementation.swift */,
				E0A6E9532A72AB350036F835 /* UITestConstants.swift */,
				E0A6E95B2A73092A0036F835 /* TerminateHelper.swift */,
			);
			path = UITestsHelpers;
			sourceTree = "<group>";
		};
		E0F42ECC2A1A3C0B00E68FB1 /* Views */ = {
			isa = PBXGroup;
			children = (
				E00201912A1A2D6E005B4059 /* HomeViewController.swift */,
				E0F42ECD2A1A3C8500E68FB1 /* HomeTableViewController.swift */,
				E0F42ECE2A1A3C8500E68FB1 /* HomeTableViewController.xib */,
			);
			path = Views;
			sourceTree = "<group>";
		};
		E0F42ED12A1A447800E68FB1 /* ViewModel */ = {
			isa = PBXGroup;
			children = (
				E0F42ED22A1A449400E68FB1 /* HomeTempViewModel.swift */,
			);
			path = ViewModel;
			sourceTree = "<group>";
		};
/* End PBXGroup section */

/* Begin PBXNativeTarget section */
		E00201892A1A2D6E005B4059 /* mmakoWeatherApp */ = {
			isa = PBXNativeTarget;
			buildConfigurationList = E00201B42A1A2D6F005B4059 /* Build configuration list for PBXNativeTarget "mmakoWeatherApp" */;
			buildPhases = (
				E00201862A1A2D6E005B4059 /* Sources */,
				E00201872A1A2D6E005B4059 /* Frameworks */,
				E00201882A1A2D6E005B4059 /* Resources */,
			);
			buildRules = (
			);
			dependencies = (
			);
			name = mmakoWeatherApp;
			productName = mmakoWeatherApp;
			productReference = E002018A2A1A2D6E005B4059 /* mmakoWeatherApp.app */;
			productType = "com.apple.product-type.application";
		};
		E002019F2A1A2D6F005B4059 /* mmakoWeatherAppTests */ = {
			isa = PBXNativeTarget;
			buildConfigurationList = E00201B72A1A2D6F005B4059 /* Build configuration list for PBXNativeTarget "mmakoWeatherAppTests" */;
			buildPhases = (
				E002019C2A1A2D6F005B4059 /* Sources */,
				E002019D2A1A2D6F005B4059 /* Frameworks */,
				E002019E2A1A2D6F005B4059 /* Resources */,
			);
			buildRules = (
			);
			dependencies = (
				E00201A22A1A2D6F005B4059 /* PBXTargetDependency */,
			);
			name = mmakoWeatherAppTests;
			productName = mmakoWeatherAppTests;
			productReference = E00201A02A1A2D6F005B4059 /* mmakoWeatherAppTests.xctest */;
			productType = "com.apple.product-type.bundle.unit-test";
		};
		E00201A92A1A2D6F005B4059 /* mmakoWeatherAppUITests */ = {
			isa = PBXNativeTarget;
			buildConfigurationList = E00201BA2A1A2D6F005B4059 /* Build configuration list for PBXNativeTarget "mmakoWeatherAppUITests" */;
			buildPhases = (
				E00201A62A1A2D6F005B4059 /* Sources */,
				E00201A72A1A2D6F005B4059 /* Frameworks */,
				E00201A82A1A2D6F005B4059 /* Resources */,
			);
			buildRules = (
			);
			dependencies = (
				E00201AC2A1A2D6F005B4059 /* PBXTargetDependency */,
			);
			name = mmakoWeatherAppUITests;
			productName = mmakoWeatherAppUITests;
			productReference = E00201AA2A1A2D6F005B4059 /* mmakoWeatherAppUITests.xctest */;
			productType = "com.apple.product-type.bundle.ui-testing";
		};
/* End PBXNativeTarget section */

/* Begin PBXProject section */
		E00201822A1A2D6E005B4059 /* Project object */ = {
			isa = PBXProject;
			attributes = {
				BuildIndependentTargetsInParallel = 1;
				LastSwiftUpdateCheck = 1420;
				LastUpgradeCheck = 1420;
				TargetAttributes = {
					E00201892A1A2D6E005B4059 = {
						CreatedOnToolsVersion = 14.2;
					};
					E002019F2A1A2D6F005B4059 = {
						CreatedOnToolsVersion = 14.2;
						TestTargetID = E00201892A1A2D6E005B4059;
					};
					E00201A92A1A2D6F005B4059 = {
						CreatedOnToolsVersion = 14.2;
						TestTargetID = E00201892A1A2D6E005B4059;
					};
				};
			};
			buildConfigurationList = E00201852A1A2D6E005B4059 /* Build configuration list for PBXProject "mmakoWeatherApp" */;
			compatibilityVersion = "Xcode 14.0";
			developmentRegion = en;
			hasScannedForEncodings = 0;
			knownRegions = (
				en,
				Base,
			);
			mainGroup = E00201812A1A2D6E005B4059;
			productRefGroup = E002018B2A1A2D6E005B4059 /* Products */;
			projectDirPath = "";
			projectRoot = "";
			targets = (
				E00201892A1A2D6E005B4059 /* mmakoWeatherApp */,
				E002019F2A1A2D6F005B4059 /* mmakoWeatherAppTests */,
				E00201A92A1A2D6F005B4059 /* mmakoWeatherAppUITests */,
			);
		};
/* End PBXProject section */

/* Begin PBXResourcesBuildPhase section */
		E00201882A1A2D6E005B4059 /* Resources */ = {
			isa = PBXResourcesBuildPhase;
			buildActionMask = 2147483647;
			files = (
				E002019A2A1A2D6F005B4059 /* LaunchScreen.storyboard in Resources */,
				E00201C12A1A3195005B4059 /* FutureCastTableViewCell.xib in Resources */,
				E0CD316F2A1A77CB007FB806 /* CurrentTempTableViewCell.xib in Resources */,
				E0A6E9572A72E7A00036F835 /* forecastWeather.json in Resources */,
				E0F42ED02A1A3C8500E68FB1 /* HomeTableViewController.xib in Resources */,
				E0A6E9582A72E7A00036F835 /* currentWeather.json in Resources */,
				E00201972A1A2D6F005B4059 /* Assets.xcassets in Resources */,
				E09FAA1B2A1A39C70062EC4B /* MainTempTableViewCell.xib in Resources */,
				E00201952A1A2D6E005B4059 /* Main.storyboard in Resources */,
			);
			runOnlyForDeploymentPostprocessing = 0;
		};
		E002019E2A1A2D6F005B4059 /* Resources */ = {
			isa = PBXResourcesBuildPhase;
			buildActionMask = 2147483647;
			files = (
			);
			runOnlyForDeploymentPostprocessing = 0;
		};
		E00201A82A1A2D6F005B4059 /* Resources */ = {
			isa = PBXResourcesBuildPhase;
			buildActionMask = 2147483647;
			files = (
			);
			runOnlyForDeploymentPostprocessing = 0;
		};
/* End PBXResourcesBuildPhase section */

/* Begin PBXSourcesBuildPhase section */
		E00201862A1A2D6E005B4059 /* Sources */ = {
			isa = PBXSourcesBuildPhase;
			buildActionMask = 2147483647;
			files = (
				E00201922A1A2D6E005B4059 /* HomeViewController.swift in Sources */,
				E070F7B02A1A85380033CDB8 /* WatherDataSource.swift in Sources */,
				E00201C02A1A3195005B4059 /* FutureCastTableViewCell.swift in Sources */,
				E09FAA1A2A1A39C70062EC4B /* MainTempTableViewCell.swift in Sources */,
				E0CD316E2A1A77CB007FB806 /* CurrentTempTableViewCell.swift in Sources */,
				E0F42ECF2A1A3C8500E68FB1 /* HomeTableViewController.swift in Sources */,
				E070F7B22A1A9D7C0033CDB8 /* Configuration.swift in Sources */,
				E0F42ED32A1A449400E68FB1 /* HomeTempViewModel.swift in Sources */,
				E002018E2A1A2D6E005B4059 /* AppDelegate.swift in Sources */,
				E00201902A1A2D6E005B4059 /* SceneDelegate.swift in Sources */,
				E070F7AD2A1A84790033CDB8 /* WeatherModel.swift in Sources */,
			);
			runOnlyForDeploymentPostprocessing = 0;
		};
		E002019C2A1A2D6F005B4059 /* Sources */ = {
			isa = PBXSourcesBuildPhase;
			buildActionMask = 2147483647;
			files = (
				E00201A52A1A2D6F005B4059 /* mmakoWeatherAppTests.swift in Sources */,
				E070F7CA2A1D68750033CDB8 /* HomeTempViewModelTests.swift in Sources */,
			);
			runOnlyForDeploymentPostprocessing = 0;
		};
		E00201A62A1A2D6F005B4059 /* Sources */ = {
			isa = PBXSourcesBuildPhase;
			buildActionMask = 2147483647;
			files = (
				E0A6E9542A72AB350036F835 /* UITestConstants.swift in Sources */,
				E0A6E95C2A73092A0036F835 /* TerminateHelper.swift in Sources */,
				E0A6E95E2A730CE50036F835 /* ExtendedWeatherAppUITests.swift in Sources */,
				E00201AF2A1A2D6F005B4059 /* MmakoWeatherAppUITests.swift in Sources */,
				E0089A932A6DE838004C12D2 /* NavigationHelper.swift in Sources */,
				E0089A912A6DE63F004C12D2 /* AppUITestNavigationHelper.swift in Sources */,
				E00201B12A1A2D6F005B4059 /* mmakoWeatherAppUITestsLaunchTests.swift in Sources */,
				E0A6E9522A72AA7C0036F835 /* UITestVerificationImplementation.swift in Sources */,
				E0A6E9502A72AA4E0036F835 /* UITestVerificationInterface.swift in Sources */,
			);
			runOnlyForDeploymentPostprocessing = 0;
		};
/* End PBXSourcesBuildPhase section */

/* Begin PBXTargetDependency section */
		E00201A22A1A2D6F005B4059 /* PBXTargetDependency */ = {
			isa = PBXTargetDependency;
			target = E00201892A1A2D6E005B4059 /* mmakoWeatherApp */;
			targetProxy = E00201A12A1A2D6F005B4059 /* PBXContainerItemProxy */;
		};
		E00201AC2A1A2D6F005B4059 /* PBXTargetDependency */ = {
			isa = PBXTargetDependency;
			target = E00201892A1A2D6E005B4059 /* mmakoWeatherApp */;
			targetProxy = E00201AB2A1A2D6F005B4059 /* PBXContainerItemProxy */;
		};
/* End PBXTargetDependency section */

/* Begin PBXVariantGroup section */
		E00201932A1A2D6E005B4059 /* Main.storyboard */ = {
			isa = PBXVariantGroup;
			children = (
				E00201942A1A2D6E005B4059 /* Base */,
			);
			name = Main.storyboard;
			sourceTree = "<group>";
		};
		E00201982A1A2D6F005B4059 /* LaunchScreen.storyboard */ = {
			isa = PBXVariantGroup;
			children = (
				E00201992A1A2D6F005B4059 /* Base */,
			);
			name = LaunchScreen.storyboard;
			sourceTree = "<group>";
		};
/* End PBXVariantGroup section */

/* Begin XCBuildConfiguration section */
		E00201B22A1A2D6F005B4059 /* Debug */ = {
			isa = XCBuildConfiguration;
			buildSettings = {
				ALWAYS_SEARCH_USER_PATHS = NO;
				CLANG_ANALYZER_NONNULL = YES;
				CLANG_ANALYZER_NUMBER_OBJECT_CONVERSION = YES_AGGRESSIVE;
				CLANG_CXX_LANGUAGE_STANDARD = "gnu++20";
				CLANG_ENABLE_MODULES = YES;
				CLANG_ENABLE_OBJC_ARC = YES;
				CLANG_ENABLE_OBJC_WEAK = YES;
				CLANG_WARN_BLOCK_CAPTURE_AUTORELEASING = YES;
				CLANG_WARN_BOOL_CONVERSION = YES;
				CLANG_WARN_COMMA = YES;
				CLANG_WARN_CONSTANT_CONVERSION = YES;
				CLANG_WARN_DEPRECATED_OBJC_IMPLEMENTATIONS = YES;
				CLANG_WARN_DIRECT_OBJC_ISA_USAGE = YES_ERROR;
				CLANG_WARN_DOCUMENTATION_COMMENTS = YES;
				CLANG_WARN_EMPTY_BODY = YES;
				CLANG_WARN_ENUM_CONVERSION = YES;
				CLANG_WARN_INFINITE_RECURSION = YES;
				CLANG_WARN_INT_CONVERSION = YES;
				CLANG_WARN_NON_LITERAL_NULL_CONVERSION = YES;
				CLANG_WARN_OBJC_IMPLICIT_RETAIN_SELF = YES;
				CLANG_WARN_OBJC_LITERAL_CONVERSION = YES;
				CLANG_WARN_OBJC_ROOT_CLASS = YES_ERROR;
				CLANG_WARN_QUOTED_INCLUDE_IN_FRAMEWORK_HEADER = YES;
				CLANG_WARN_RANGE_LOOP_ANALYSIS = YES;
				CLANG_WARN_STRICT_PROTOTYPES = YES;
				CLANG_WARN_SUSPICIOUS_MOVE = YES;
				CLANG_WARN_UNGUARDED_AVAILABILITY = YES_AGGRESSIVE;
				CLANG_WARN_UNREACHABLE_CODE = YES;
				CLANG_WARN__DUPLICATE_METHOD_MATCH = YES;
				COPY_PHASE_STRIP = NO;
				DEBUG_INFORMATION_FORMAT = dwarf;
				ENABLE_STRICT_OBJC_MSGSEND = YES;
				ENABLE_TESTABILITY = YES;
				GCC_C_LANGUAGE_STANDARD = gnu11;
				GCC_DYNAMIC_NO_PIC = NO;
				GCC_NO_COMMON_BLOCKS = YES;
				GCC_OPTIMIZATION_LEVEL = 0;
				GCC_PREPROCESSOR_DEFINITIONS = (
					"DEBUG=1",
					"$(inherited)",
				);
				GCC_WARN_64_TO_32_BIT_CONVERSION = YES;
				GCC_WARN_ABOUT_RETURN_TYPE = YES_ERROR;
				GCC_WARN_UNDECLARED_SELECTOR = YES;
				GCC_WARN_UNINITIALIZED_AUTOS = YES_AGGRESSIVE;
				GCC_WARN_UNUSED_FUNCTION = YES;
				GCC_WARN_UNUSED_VARIABLE = YES;
				IPHONEOS_DEPLOYMENT_TARGET = 16.2;
				MTL_ENABLE_DEBUG_INFO = INCLUDE_SOURCE;
				MTL_FAST_MATH = YES;
				ONLY_ACTIVE_ARCH = YES;
				SDKROOT = iphoneos;
				SWIFT_ACTIVE_COMPILATION_CONDITIONS = DEBUG;
				SWIFT_OPTIMIZATION_LEVEL = "-Onone";
			};
			name = Debug;
		};
		E00201B32A1A2D6F005B4059 /* Release */ = {
			isa = XCBuildConfiguration;
			buildSettings = {
				ALWAYS_SEARCH_USER_PATHS = NO;
				CLANG_ANALYZER_NONNULL = YES;
				CLANG_ANALYZER_NUMBER_OBJECT_CONVERSION = YES_AGGRESSIVE;
				CLANG_CXX_LANGUAGE_STANDARD = "gnu++20";
				CLANG_ENABLE_MODULES = YES;
				CLANG_ENABLE_OBJC_ARC = YES;
				CLANG_ENABLE_OBJC_WEAK = YES;
				CLANG_WARN_BLOCK_CAPTURE_AUTORELEASING = YES;
				CLANG_WARN_BOOL_CONVERSION = YES;
				CLANG_WARN_COMMA = YES;
				CLANG_WARN_CONSTANT_CONVERSION = YES;
				CLANG_WARN_DEPRECATED_OBJC_IMPLEMENTATIONS = YES;
				CLANG_WARN_DIRECT_OBJC_ISA_USAGE = YES_ERROR;
				CLANG_WARN_DOCUMENTATION_COMMENTS = YES;
				CLANG_WARN_EMPTY_BODY = YES;
				CLANG_WARN_ENUM_CONVERSION = YES;
				CLANG_WARN_INFINITE_RECURSION = YES;
				CLANG_WARN_INT_CONVERSION = YES;
				CLANG_WARN_NON_LITERAL_NULL_CONVERSION = YES;
				CLANG_WARN_OBJC_IMPLICIT_RETAIN_SELF = YES;
				CLANG_WARN_OBJC_LITERAL_CONVERSION = YES;
				CLANG_WARN_OBJC_ROOT_CLASS = YES_ERROR;
				CLANG_WARN_QUOTED_INCLUDE_IN_FRAMEWORK_HEADER = YES;
				CLANG_WARN_RANGE_LOOP_ANALYSIS = YES;
				CLANG_WARN_STRICT_PROTOTYPES = YES;
				CLANG_WARN_SUSPICIOUS_MOVE = YES;
				CLANG_WARN_UNGUARDED_AVAILABILITY = YES_AGGRESSIVE;
				CLANG_WARN_UNREACHABLE_CODE = YES;
				CLANG_WARN__DUPLICATE_METHOD_MATCH = YES;
				COPY_PHASE_STRIP = NO;
				DEBUG_INFORMATION_FORMAT = "dwarf-with-dsym";
				ENABLE_NS_ASSERTIONS = NO;
				ENABLE_STRICT_OBJC_MSGSEND = YES;
				GCC_C_LANGUAGE_STANDARD = gnu11;
				GCC_NO_COMMON_BLOCKS = YES;
				GCC_WARN_64_TO_32_BIT_CONVERSION = YES;
				GCC_WARN_ABOUT_RETURN_TYPE = YES_ERROR;
				GCC_WARN_UNDECLARED_SELECTOR = YES;
				GCC_WARN_UNINITIALIZED_AUTOS = YES_AGGRESSIVE;
				GCC_WARN_UNUSED_FUNCTION = YES;
				GCC_WARN_UNUSED_VARIABLE = YES;
				IPHONEOS_DEPLOYMENT_TARGET = 16.2;
				MTL_ENABLE_DEBUG_INFO = NO;
				MTL_FAST_MATH = YES;
				SDKROOT = iphoneos;
				SWIFT_COMPILATION_MODE = wholemodule;
				SWIFT_OPTIMIZATION_LEVEL = "-O";
				VALIDATE_PRODUCT = YES;
			};
			name = Release;
		};
		E00201B52A1A2D6F005B4059 /* Debug */ = {
			isa = XCBuildConfiguration;
			buildSettings = {
				ASSETCATALOG_COMPILER_APPICON_NAME = AppIcon;
				ASSETCATALOG_COMPILER_GLOBAL_ACCENT_COLOR_NAME = AccentColor;
				CODE_SIGN_STYLE = Automatic;
				CURRENT_PROJECT_VERSION = 1;
				GENERATE_INFOPLIST_FILE = YES;
				INFOPLIST_FILE = mmakoWeatherApp/Info.plist;
				INFOPLIST_KEY_UIApplicationSupportsIndirectInputEvents = YES;
				INFOPLIST_KEY_UILaunchStoryboardName = LaunchScreen;
				INFOPLIST_KEY_UIMainStoryboardFile = Main;
				INFOPLIST_KEY_UISupportedInterfaceOrientations_iPad = "UIInterfaceOrientationPortrait UIInterfaceOrientationPortraitUpsideDown UIInterfaceOrientationLandscapeLeft UIInterfaceOrientationLandscapeRight";
				INFOPLIST_KEY_UISupportedInterfaceOrientations_iPhone = "UIInterfaceOrientationPortrait UIInterfaceOrientationLandscapeLeft UIInterfaceOrientationLandscapeRight";
				IPHONEOS_DEPLOYMENT_TARGET = 15.6;
				LD_RUNPATH_SEARCH_PATHS = (
					"$(inherited)",
					"@executable_path/Frameworks",
				);
				MARKETING_VERSION = 1.0;
				PRODUCT_BUNDLE_IDENTIFIER = mmakosekhosana.mmakoWeatherApp;
				PRODUCT_NAME = "$(TARGET_NAME)";
				SWIFT_EMIT_LOC_STRINGS = YES;
				SWIFT_VERSION = 5.0;
				TARGETED_DEVICE_FAMILY = "1,2";
			};
			name = Debug;
		};
		E00201B62A1A2D6F005B4059 /* Release */ = {
			isa = XCBuildConfiguration;
			buildSettings = {
				ASSETCATALOG_COMPILER_APPICON_NAME = AppIcon;
				ASSETCATALOG_COMPILER_GLOBAL_ACCENT_COLOR_NAME = AccentColor;
				CODE_SIGN_STYLE = Automatic;
				CURRENT_PROJECT_VERSION = 1;
				GENERATE_INFOPLIST_FILE = YES;
				INFOPLIST_FILE = mmakoWeatherApp/Info.plist;
				INFOPLIST_KEY_UIApplicationSupportsIndirectInputEvents = YES;
				INFOPLIST_KEY_UILaunchStoryboardName = LaunchScreen;
				INFOPLIST_KEY_UIMainStoryboardFile = Main;
				INFOPLIST_KEY_UISupportedInterfaceOrientations_iPad = "UIInterfaceOrientationPortrait UIInterfaceOrientationPortraitUpsideDown UIInterfaceOrientationLandscapeLeft UIInterfaceOrientationLandscapeRight";
				INFOPLIST_KEY_UISupportedInterfaceOrientations_iPhone = "UIInterfaceOrientationPortrait UIInterfaceOrientationLandscapeLeft UIInterfaceOrientationLandscapeRight";
				IPHONEOS_DEPLOYMENT_TARGET = 15.6;
				LD_RUNPATH_SEARCH_PATHS = (
					"$(inherited)",
					"@executable_path/Frameworks",
				);
				MARKETING_VERSION = 1.0;
				PRODUCT_BUNDLE_IDENTIFIER = mmakosekhosana.mmakoWeatherApp;
				PRODUCT_NAME = "$(TARGET_NAME)";
				SWIFT_EMIT_LOC_STRINGS = YES;
				SWIFT_VERSION = 5.0;
				TARGETED_DEVICE_FAMILY = "1,2";
			};
			name = Release;
		};
		E00201B82A1A2D6F005B4059 /* Debug */ = {
			isa = XCBuildConfiguration;
			buildSettings = {
				ALWAYS_EMBED_SWIFT_STANDARD_LIBRARIES = YES;
				BUNDLE_LOADER = "$(TEST_HOST)";
				CODE_SIGN_STYLE = Automatic;
				CURRENT_PROJECT_VERSION = 1;
				GENERATE_INFOPLIST_FILE = YES;
				IPHONEOS_DEPLOYMENT_TARGET = 16.2;
				MARKETING_VERSION = 1.0;
				PRODUCT_BUNDLE_IDENTIFIER = mmakosekhosana.mmakoWeatherAppTests;
				PRODUCT_NAME = "$(TARGET_NAME)";
				SWIFT_EMIT_LOC_STRINGS = NO;
				SWIFT_VERSION = 5.0;
				TARGETED_DEVICE_FAMILY = "1,2";
				TEST_HOST = "$(BUILT_PRODUCTS_DIR)/mmakoWeatherApp.app/$(BUNDLE_EXECUTABLE_FOLDER_PATH)/mmakoWeatherApp";
			};
			name = Debug;
		};
		E00201B92A1A2D6F005B4059 /* Release */ = {
			isa = XCBuildConfiguration;
			buildSettings = {
				ALWAYS_EMBED_SWIFT_STANDARD_LIBRARIES = YES;
				BUNDLE_LOADER = "$(TEST_HOST)";
				CODE_SIGN_STYLE = Automatic;
				CURRENT_PROJECT_VERSION = 1;
				GENERATE_INFOPLIST_FILE = YES;
				IPHONEOS_DEPLOYMENT_TARGET = 16.2;
				MARKETING_VERSION = 1.0;
				PRODUCT_BUNDLE_IDENTIFIER = mmakosekhosana.mmakoWeatherAppTests;
				PRODUCT_NAME = "$(TARGET_NAME)";
				SWIFT_EMIT_LOC_STRINGS = NO;
				SWIFT_VERSION = 5.0;
				TARGETED_DEVICE_FAMILY = "1,2";
				TEST_HOST = "$(BUILT_PRODUCTS_DIR)/mmakoWeatherApp.app/$(BUNDLE_EXECUTABLE_FOLDER_PATH)/mmakoWeatherApp";
			};
			name = Release;
		};
		E00201BB2A1A2D6F005B4059 /* Debug */ = {
			isa = XCBuildConfiguration;
			buildSettings = {
				ALWAYS_EMBED_SWIFT_STANDARD_LIBRARIES = YES;
				CODE_SIGN_STYLE = Automatic;
				CURRENT_PROJECT_VERSION = 1;
				GENERATE_INFOPLIST_FILE = YES;
				MARKETING_VERSION = 1.0;
				PRODUCT_BUNDLE_IDENTIFIER = mmakosekhosana.mmakoWeatherAppUITests;
				PRODUCT_NAME = "$(TARGET_NAME)";
				SWIFT_EMIT_LOC_STRINGS = NO;
				SWIFT_VERSION = 5.0;
				TARGETED_DEVICE_FAMILY = "1,2";
				TEST_TARGET_NAME = mmakoWeatherApp;
			};
			name = Debug;
		};
		E00201BC2A1A2D6F005B4059 /* Release */ = {
			isa = XCBuildConfiguration;
			buildSettings = {
				ALWAYS_EMBED_SWIFT_STANDARD_LIBRARIES = YES;
				CODE_SIGN_STYLE = Automatic;
				CURRENT_PROJECT_VERSION = 1;
				GENERATE_INFOPLIST_FILE = YES;
				MARKETING_VERSION = 1.0;
				PRODUCT_BUNDLE_IDENTIFIER = mmakosekhosana.mmakoWeatherAppUITests;
				PRODUCT_NAME = "$(TARGET_NAME)";
				SWIFT_EMIT_LOC_STRINGS = NO;
				SWIFT_VERSION = 5.0;
				TARGETED_DEVICE_FAMILY = "1,2";
				TEST_TARGET_NAME = mmakoWeatherApp;
			};
			name = Release;
		};
/* End XCBuildConfiguration section */

/* Begin XCConfigurationList section */
		E00201852A1A2D6E005B4059 /* Build configuration list for PBXProject "mmakoWeatherApp" */ = {
			isa = XCConfigurationList;
			buildConfigurations = (
				E00201B22A1A2D6F005B4059 /* Debug */,
				E00201B32A1A2D6F005B4059 /* Release */,
			);
			defaultConfigurationIsVisible = 0;
			defaultConfigurationName = Release;
		};
		E00201B42A1A2D6F005B4059 /* Build configuration list for PBXNativeTarget "mmakoWeatherApp" */ = {
			isa = XCConfigurationList;
			buildConfigurations = (
				E00201B52A1A2D6F005B4059 /* Debug */,
				E00201B62A1A2D6F005B4059 /* Release */,
			);
			defaultConfigurationIsVisible = 0;
			defaultConfigurationName = Release;
		};
		E00201B72A1A2D6F005B4059 /* Build configuration list for PBXNativeTarget "mmakoWeatherAppTests" */ = {
			isa = XCConfigurationList;
			buildConfigurations = (
				E00201B82A1A2D6F005B4059 /* Debug */,
				E00201B92A1A2D6F005B4059 /* Release */,
			);
			defaultConfigurationIsVisible = 0;
			defaultConfigurationName = Release;
		};
		E00201BA2A1A2D6F005B4059 /* Build configuration list for PBXNativeTarget "mmakoWeatherAppUITests" */ = {
			isa = XCConfigurationList;
			buildConfigurations = (
				E00201BB2A1A2D6F005B4059 /* Debug */,
				E00201BC2A1A2D6F005B4059 /* Release */,
			);
			defaultConfigurationIsVisible = 0;
			defaultConfigurationName = Release;
		};
/* End XCConfigurationList section */
	};
	rootObject = E00201822A1A2D6E005B4059 /* Project object */;
}
